
Microsoft Visual Studio Solution File, Format Version 12.00
# Visual Studio Version 17
VisualStudioVersion = 17.11.35208.52
MinimumVisualStudioVersion = 10.0.40219.1
Project("{FAE04EC0-301F-11D3-BF4B-00C04F79EFBC}") = "Laboratorio_18", "Laboratorio_18\Laboratorio_18.csproj", "{06E5FB00-9BF9-4CDF-83B7-2F5C3505A026}"
EndProject
Global
	GlobalSection(SolutionConfigurationPlatforms) = preSolution
		Debug|Any CPU = Debug|Any CPU
		Release|Any CPU = Release|Any CPU
	EndGlobalSection
	GlobalSection(ProjectConfigurationPlatforms) = postSolution
		{06E5FB00-9BF9-4CDF-83B7-2F5C3505A026}.Debug|Any CPU.ActiveCfg = Debug|Any CPU
		{06E5FB00-9BF9-4CDF-83B7-2F5C3505A026}.Debug|Any CPU.Build.0 = Debug|Any CPU
		{06E5FB00-9BF9-4CDF-83B7-2F5C3505A026}.Release|Any CPU.ActiveCfg = Release|Any CPU
		{06E5FB00-9BF9-4CDF-83B7-2F5C3505A026}.Release|Any CPU.Build.0 = Release|Any CPU
	EndGlobalSection
	GlobalSection(SolutionProperties) = preSolution
		HideSolutionNode = FALSE
	EndGlobalSection
	GlobalSection(ExtensibilityGlobals) = postSolution
		SolutionGuid = {2749A7EE-DE18-428C-9EE7-B0596F490263}
	EndGlobalSection
EndGlobal
