
Microsoft Visual Studio Solution File, Format Version 12.00
# Visual Studio Version 17
VisualStudioVersion = 17.11.35208.52
MinimumVisualStudioVersion = 10.0.40219.1
Project("{FAE04EC0-301F-11D3-BF4B-00C04F79EFBC}") = "Laboratorio_11", "Laboratorio_11\Laboratorio_11.csproj", "{E84650A6-1DCB-4BA5-BF73-6A82A5E782CA}"
EndProject
Global
	GlobalSection(SolutionConfigurationPlatforms) = preSolution
		Debug|Any CPU = Debug|Any CPU
		Release|Any CPU = Release|Any CPU
	EndGlobalSection
	GlobalSection(ProjectConfigurationPlatforms) = postSolution
		{E84650A6-1DCB-4BA5-BF73-6A82A5E782CA}.Debug|Any CPU.ActiveCfg = Debug|Any CPU
		{E84650A6-1DCB-4BA5-BF73-6A82A5E782CA}.Debug|Any CPU.Build.0 = Debug|Any CPU
		{E84650A6-1DCB-4BA5-BF73-6A82A5E782CA}.Release|Any CPU.ActiveCfg = Release|Any CPU
		{E84650A6-1DCB-4BA5-BF73-6A82A5E782CA}.Release|Any CPU.Build.0 = Release|Any CPU
	EndGlobalSection
	GlobalSection(SolutionProperties) = preSolution
		HideSolutionNode = FALSE
	EndGlobalSection
	GlobalSection(ExtensibilityGlobals) = postSolution
		SolutionGuid = {2B129D74-FB7C-439D-A5E2-EE150BF54F0F}
	EndGlobalSection
EndGlobal
