
Microsoft Visual Studio Solution File, Format Version 12.00
# Visual Studio Version 17
VisualStudioVersion = 17.11.35219.272
MinimumVisualStudioVersion = 10.0.40219.1
Project("{FAE04EC0-301F-11D3-BF4B-00C04F79EFBC}") = "CreditAdviceAndSavingsSimulator", "CreditAdviceAndSavingsSimulator\CreditAdviceAndSavingsSimulator.csproj", "{BC45ABCC-9F7D-450D-AC53-2D7BA1A59474}"
EndProject
Global
	GlobalSection(SolutionConfigurationPlatforms) = preSolution
		Debug|Any CPU = Debug|Any CPU
		Release|Any CPU = Release|Any CPU
	EndGlobalSection
	GlobalSection(ProjectConfigurationPlatforms) = postSolution
		{BC45ABCC-9F7D-450D-AC53-2D7BA1A59474}.Debug|Any CPU.ActiveCfg = Debug|Any CPU
		{BC45ABCC-9F7D-450D-AC53-2D7BA1A59474}.Debug|Any CPU.Build.0 = Debug|Any CPU
		{BC45ABCC-9F7D-450D-AC53-2D7BA1A59474}.Release|Any CPU.ActiveCfg = Release|Any CPU
		{BC45ABCC-9F7D-450D-AC53-2D7BA1A59474}.Release|Any CPU.Build.0 = Release|Any CPU
	EndGlobalSection
	GlobalSection(SolutionProperties) = preSolution
		HideSolutionNode = FALSE
	EndGlobalSection
	GlobalSection(ExtensibilityGlobals) = postSolution
		SolutionGuid = {CADFA424-1196-4C5C-AC88-C858BBE3B4F0}
	EndGlobalSection
EndGlobal
