
Microsoft Visual Studio Solution File, Format Version 12.00
# Visual Studio Version 17
VisualStudioVersion = 17.11.35208.52
MinimumVisualStudioVersion = 10.0.40219.1
Project("{FAE04EC0-301F-11D3-BF4B-00C04F79EFBC}") = "Laboratorio_8", "Laboratorio_8\Laboratorio_8.csproj", "{EABC488C-1690-46DC-9C87-B2C7ED95E785}"
EndProject
Project("{FAE04EC0-301F-11D3-BF4B-00C04F79EFBC}") = "Laboratorio_8.1", "Laboratorio_8.1\Laboratorio_8.1.csproj", "{CAB529B8-7C61-4329-AF40-14446539C054}"
EndProject
Project("{FAE04EC0-301F-11D3-BF4B-00C04F79EFBC}") = "Laboratorio_8.2", "Laboratorio_8.2\Laboratorio_8.2.csproj", "{C598EA13-A6B3-45AC-AFD7-D9759A1DAD94}"
EndProject
Project("{FAE04EC0-301F-11D3-BF4B-00C04F79EFBC}") = "Laboratorio_8.3", "Laboratorio_8.3\Laboratorio_8.3.csproj", "{B2F911D2-7016-4267-9DF5-B27E0C9FC301}"
EndProject
Project("{FAE04EC0-301F-11D3-BF4B-00C04F79EFBC}") = "Laboratorio_8.4", "Laboratorio_8.4\Laboratorio_8.4.csproj", "{47A7D437-E980-494B-9AD3-B4ADA8214C6F}"
EndProject
Project("{FAE04EC0-301F-11D3-BF4B-00C04F79EFBC}") = "Laboratorio_8.5", "Laboratorio_8.5\Laboratorio_8.5.csproj", "{E05718F7-8B78-4B84-8BA1-FF4CAB22D596}"
EndProject
Project("{FAE04EC0-301F-11D3-BF4B-00C04F79EFBC}") = "Laboratorio_8.6", "Laboratorio_8.6\Laboratorio_8.6.csproj", "{90E1DEF4-7642-45FB-AFF6-A05686960FF2}"
EndProject
Project("{FAE04EC0-301F-11D3-BF4B-00C04F79EFBC}") = "Laboratorio_8.7", "Laboratorio_8.7\Laboratorio_8.7.csproj", "{82CDC49A-D2CF-438F-BE04-6BE96177220F}"
EndProject
Project("{FAE04EC0-301F-11D3-BF4B-00C04F79EFBC}") = "Labortorio_8.8", "Labortorio_8.8\Labortorio_8.8.csproj", "{C2622E1F-85D1-4FD5-83C2-0B8121E7D0A2}"
EndProject
Project("{FAE04EC0-301F-11D3-BF4B-00C04F79EFBC}") = "Laboratorio_8.9", "Laboratorio_8.9\Laboratorio_8.9.csproj", "{5653039B-F78F-4402-A127-B35C44831DF0}"
EndProject
Global
	GlobalSection(SolutionConfigurationPlatforms) = preSolution
		Debug|Any CPU = Debug|Any CPU
		Release|Any CPU = Release|Any CPU
	EndGlobalSection
	GlobalSection(ProjectConfigurationPlatforms) = postSolution
		{EABC488C-1690-46DC-9C87-B2C7ED95E785}.Debug|Any CPU.ActiveCfg = Debug|Any CPU
		{EABC488C-1690-46DC-9C87-B2C7ED95E785}.Debug|Any CPU.Build.0 = Debug|Any CPU
		{EABC488C-1690-46DC-9C87-B2C7ED95E785}.Release|Any CPU.ActiveCfg = Release|Any CPU
		{EABC488C-1690-46DC-9C87-B2C7ED95E785}.Release|Any CPU.Build.0 = Release|Any CPU
		{CAB529B8-7C61-4329-AF40-14446539C054}.Debug|Any CPU.ActiveCfg = Debug|Any CPU
		{CAB529B8-7C61-4329-AF40-14446539C054}.Debug|Any CPU.Build.0 = Debug|Any CPU
		{CAB529B8-7C61-4329-AF40-14446539C054}.Release|Any CPU.ActiveCfg = Release|Any CPU
		{CAB529B8-7C61-4329-AF40-14446539C054}.Release|Any CPU.Build.0 = Release|Any CPU
		{C598EA13-A6B3-45AC-AFD7-D9759A1DAD94}.Debug|Any CPU.ActiveCfg = Debug|Any CPU
		{C598EA13-A6B3-45AC-AFD7-D9759A1DAD94}.Debug|Any CPU.Build.0 = Debug|Any CPU
		{C598EA13-A6B3-45AC-AFD7-D9759A1DAD94}.Release|Any CPU.ActiveCfg = Release|Any CPU
		{C598EA13-A6B3-45AC-AFD7-D9759A1DAD94}.Release|Any CPU.Build.0 = Release|Any CPU
		{B2F911D2-7016-4267-9DF5-B27E0C9FC301}.Debug|Any CPU.ActiveCfg = Debug|Any CPU
		{B2F911D2-7016-4267-9DF5-B27E0C9FC301}.Debug|Any CPU.Build.0 = Debug|Any CPU
		{B2F911D2-7016-4267-9DF5-B27E0C9FC301}.Release|Any CPU.ActiveCfg = Release|Any CPU
		{B2F911D2-7016-4267-9DF5-B27E0C9FC301}.Release|Any CPU.Build.0 = Release|Any CPU
		{47A7D437-E980-494B-9AD3-B4ADA8214C6F}.Debug|Any CPU.ActiveCfg = Debug|Any CPU
		{47A7D437-E980-494B-9AD3-B4ADA8214C6F}.Debug|Any CPU.Build.0 = Debug|Any CPU
		{47A7D437-E980-494B-9AD3-B4ADA8214C6F}.Release|Any CPU.ActiveCfg = Release|Any CPU
		{47A7D437-E980-494B-9AD3-B4ADA8214C6F}.Release|Any CPU.Build.0 = Release|Any CPU
		{E05718F7-8B78-4B84-8BA1-FF4CAB22D596}.Debug|Any CPU.ActiveCfg = Debug|Any CPU
		{E05718F7-8B78-4B84-8BA1-FF4CAB22D596}.Debug|Any CPU.Build.0 = Debug|Any CPU
		{E05718F7-8B78-4B84-8BA1-FF4CAB22D596}.Release|Any CPU.ActiveCfg = Release|Any CPU
		{E05718F7-8B78-4B84-8BA1-FF4CAB22D596}.Release|Any CPU.Build.0 = Release|Any CPU
		{90E1DEF4-7642-45FB-AFF6-A05686960FF2}.Debug|Any CPU.ActiveCfg = Debug|Any CPU
		{90E1DEF4-7642-45FB-AFF6-A05686960FF2}.Debug|Any CPU.Build.0 = Debug|Any CPU
		{90E1DEF4-7642-45FB-AFF6-A05686960FF2}.Release|Any CPU.ActiveCfg = Release|Any CPU
		{90E1DEF4-7642-45FB-AFF6-A05686960FF2}.Release|Any CPU.Build.0 = Release|Any CPU
		{82CDC49A-D2CF-438F-BE04-6BE96177220F}.Debug|Any CPU.ActiveCfg = Debug|Any CPU
		{82CDC49A-D2CF-438F-BE04-6BE96177220F}.Debug|Any CPU.Build.0 = Debug|Any CPU
		{82CDC49A-D2CF-438F-BE04-6BE96177220F}.Release|Any CPU.ActiveCfg = Release|Any CPU
		{82CDC49A-D2CF-438F-BE04-6BE96177220F}.Release|Any CPU.Build.0 = Release|Any CPU
		{C2622E1F-85D1-4FD5-83C2-0B8121E7D0A2}.Debug|Any CPU.ActiveCfg = Debug|Any CPU
		{C2622E1F-85D1-4FD5-83C2-0B8121E7D0A2}.Debug|Any CPU.Build.0 = Debug|Any CPU
		{C2622E1F-85D1-4FD5-83C2-0B8121E7D0A2}.Release|Any CPU.ActiveCfg = Release|Any CPU
		{C2622E1F-85D1-4FD5-83C2-0B8121E7D0A2}.Release|Any CPU.Build.0 = Release|Any CPU
		{5653039B-F78F-4402-A127-B35C44831DF0}.Debug|Any CPU.ActiveCfg = Debug|Any CPU
		{5653039B-F78F-4402-A127-B35C44831DF0}.Debug|Any CPU.Build.0 = Debug|Any CPU
		{5653039B-F78F-4402-A127-B35C44831DF0}.Release|Any CPU.ActiveCfg = Release|Any CPU
		{5653039B-F78F-4402-A127-B35C44831DF0}.Release|Any CPU.Build.0 = Release|Any CPU
	EndGlobalSection
	GlobalSection(SolutionProperties) = preSolution
		HideSolutionNode = FALSE
	EndGlobalSection
	GlobalSection(ExtensibilityGlobals) = postSolution
		SolutionGuid = {D551510F-FC29-47E7-BFB3-31C39367944D}
	EndGlobalSection
EndGlobal
