
Microsoft Visual Studio Solution File, Format Version 12.00
# Visual Studio Version 17
VisualStudioVersion = 17.11.35208.52
MinimumVisualStudioVersion = 10.0.40219.1
Project("{FAE04EC0-301F-11D3-BF4B-00C04F79EFBC}") = "Parcial_3_app", "Parcial_3_app\Parcial_3_app.csproj", "{1017015D-D35C-4FCD-A2CB-914C6159900C}"
EndProject
Project("{2150E333-8FDC-42A3-9474-1A3956D46DE8}") = "Elementos de la solución", "Elementos de la solución", "{508592B8-9A08-4297-B82B-9A1D32E19714}"
EndProject
Global
	GlobalSection(SolutionConfigurationPlatforms) = preSolution
		Debug|Any CPU = Debug|Any CPU
		Release|Any CPU = Release|Any CPU
	EndGlobalSection
	GlobalSection(ProjectConfigurationPlatforms) = postSolution
		{1017015D-D35C-4FCD-A2CB-914C6159900C}.Debug|Any CPU.ActiveCfg = Debug|Any CPU
		{1017015D-D35C-4FCD-A2CB-914C6159900C}.Debug|Any CPU.Build.0 = Debug|Any CPU
		{1017015D-D35C-4FCD-A2CB-914C6159900C}.Release|Any CPU.ActiveCfg = Release|Any CPU
		{1017015D-D35C-4FCD-A2CB-914C6159900C}.Release|Any CPU.Build.0 = Release|Any CPU
	EndGlobalSection
	GlobalSection(SolutionProperties) = preSolution
		HideSolutionNode = FALSE
	EndGlobalSection
	GlobalSection(ExtensibilityGlobals) = postSolution
		SolutionGuid = {1B8DC3FF-0C18-42DE-BEF6-45C142791B47}
	EndGlobalSection
EndGlobal
